# This file is automatically @generated by Poetry 1.8.2 and should not be changed by hand.

[[package]]
name = "matplotlib"
version = "3.8.3"
description = "Python plotting package"
optional = false
python-versions = "*"
files = []

[[package]]
name = "pandas"
version = "2.2.1"
description = "Powerful data structures for data analysis, time series, and statistics"
optional = false
python-versions = "*"
files = []

[[package]]
name = "pytest"
version = "8.1.1"
description = "pytest: simple powerful testing with Python"
optional = false
python-versions = "*"
files = []

[[package]]
name = "yfinance"
version = "0.2.37"
description = "Download market data from Yahoo! Finance API"
optional = false
python-versions = "*"
files = []

[metadata]
lock-version = "2.0"
python-versions = "^3.11"
content-hash = "90c25de57867ecaeb6673d0ef5a83fcfd553dfb127fd88a422deedb858ffbf98"
